
Microsoft Visual Studio Solution File, Format Version 12.00
# Visual Studio Version 17
VisualStudioVersion = 17.5.002.0
MinimumVisualStudioVersion = 10.0.40219.1
Project("{9A19103F-16F7-4668-BE54-9A1E7A4F7556}") = "lab6-nganhon-", "lab6-nganhon-.csproj", "{F08EAA4B-CE83-4799-9B3F-89C9097F4D7B}"
EndProject
Global
	GlobalSection(SolutionConfigurationPlatforms) = preSolution
		Debug|Any CPU = Debug|Any CPU
		Release|Any CPU = Release|Any CPU
	EndGlobalSection
	GlobalSection(ProjectConfigurationPlatforms) = postSolution
		{F08EAA4B-CE83-4799-9B3F-89C9097F4D7B}.Debug|Any CPU.ActiveCfg = Debug|Any CPU
		{F08EAA4B-CE83-4799-9B3F-89C9097F4D7B}.Debug|Any CPU.Build.0 = Debug|Any CPU
		{F08EAA4B-CE83-4799-9B3F-89C9097F4D7B}.Release|Any CPU.ActiveCfg = Release|Any CPU
		{F08EAA4B-CE83-4799-9B3F-89C9097F4D7B}.Release|Any CPU.Build.0 = Release|Any CPU
	EndGlobalSection
	GlobalSection(SolutionProperties) = preSolution
		HideSolutionNode = FALSE
	EndGlobalSection
	GlobalSection(ExtensibilityGlobals) = postSolution
		SolutionGuid = {D09FEC72-4472-435E-9D12-80D2A3EDF759}
	EndGlobalSection
EndGlobal
